
Microsoft Visual Studio Solution File, Format Version 12.00
# Visual Studio Version 17
VisualStudioVersion = 17.14.36127.28 d17.14
MinimumVisualStudioVersion = 10.0.40219.1
Project("{FAE04EC0-301F-11D3-BF4B-00C04F79EFBC}") = "myProject", "myProject\myProject.csproj", "{A0EF46D6-1204-4800-9514-D3B17074C09D}"
EndProject
Global
	GlobalSection(SolutionConfigurationPlatforms) = preSolution
		Debug|Any CPU = Debug|Any CPU
		Release|Any CPU = Release|Any CPU
	EndGlobalSection
	GlobalSection(ProjectConfigurationPlatforms) = postSolution
		{A0EF46D6-1204-4800-9514-D3B17074C09D}.Debug|Any CPU.ActiveCfg = Debug|Any CPU
		{A0EF46D6-1204-4800-9514-D3B17074C09D}.Debug|Any CPU.Build.0 = Debug|Any CPU
		{A0EF46D6-1204-4800-9514-D3B17074C09D}.Release|Any CPU.ActiveCfg = Release|Any CPU
		{A0EF46D6-1204-4800-9514-D3B17074C09D}.Release|Any CPU.Build.0 = Release|Any CPU
	EndGlobalSection
	GlobalSection(SolutionProperties) = preSolution
		HideSolutionNode = FALSE
	EndGlobalSection
	GlobalSection(ExtensibilityGlobals) = postSolution
		SolutionGuid = {28EB6828-FF9C-42B5-ADAC-793AD5057E2B}
	EndGlobalSection
EndGlobal
